// !$*UTF8*$!
{
	archiveVersion = 1;
	classes = {
	};
	objectVersion = 56;
	objects = {

/* Begin PBXBuildFile section */
		884EEAFB2CC4004900EE02BA /* AppDelegate.swift in Sources */ = {isa = PBXBuildFile; fileRef = 884EEAFA2CC4004900EE02BA /* AppDelegate.swift */; };
		884EEAFD2CC4004900EE02BA /* SceneDelegate.swift in Sources */ = {isa = PBXBuildFile; fileRef = 884EEAFC2CC4004900EE02BA /* SceneDelegate.swift */; };
		884EEAFF2CC4004900EE02BA /* ViewController.swift in Sources */ = {isa = PBXBuildFile; fileRef = 884EEAFE2CC4004900EE02BA /* ViewController.swift */; };
		884EEB022CC4004900EE02BA /* Main.storyboard in Resources */ = {isa = PBXBuildFile; fileRef = 884EEB002CC4004900EE02BA /* Main.storyboard */; };
		884EEB042CC4004C00EE02BA /* Assets.xcassets in Resources */ = {isa = PBXBuildFile; fileRef = 884EEB032CC4004C00EE02BA /* Assets.xcassets */; };
		884EEB072CC4004C00EE02BA /* LaunchScreen.storyboard in Resources */ = {isa = PBXBuildFile; fileRef = 884EEB052CC4004C00EE02BA /* LaunchScreen.storyboard */; };
		884EEB0F2CC4047200EE02BA /* PersonCell.swift in Sources */ = {isa = PBXBuildFile; fileRef = 884EEB0E2CC4047200EE02BA /* PersonCell.swift */; };
/* End PBXBuildFile section */

/* Begin PBXFileReference section */
		884EEAF72CC4004900EE02BA /* Project10.app */ = {isa = PBXFileReference; explicitFileType = wrapper.application; includeInIndex = 0; path = Project10.app; sourceTree = BUILT_PRODUCTS_DIR; };
		884EEAFA2CC4004900EE02BA /* AppDelegate.swift */ = {isa = PBXFileReference; lastKnownFileType = sourcecode.swift; path = AppDelegate.swift; sourceTree = "<group>"; };
		884EEAFC2CC4004900EE02BA /* SceneDelegate.swift */ = {isa = PBXFileReference; lastKnownFileType = sourcecode.swift; path = SceneDelegate.swift; sourceTree = "<group>"; };
		884EEAFE2CC4004900EE02BA /* ViewController.swift */ = {isa = PBXFileReference; lastKnownFileType = sourcecode.swift; path = ViewController.swift; sourceTree = "<group>"; };
		884EEB012CC4004900EE02BA /* Base */ = {isa = PBXFileReference; lastKnownFileType = file.storyboard; name = Base; path = Base.lproj/Main.storyboard; sourceTree = "<group>"; };
		884EEB032CC4004C00EE02BA /* Assets.xcassets */ = {isa = PBXFileReference; lastKnownFileType = folder.assetcatalog; path = Assets.xcassets; sourceTree = "<group>"; };
		884EEB062CC4004C00EE02BA /* Base */ = {isa = PBXFileReference; lastKnownFileType = file.storyboard; name = Base; path = Base.lproj/LaunchScreen.storyboard; sourceTree = "<group>"; };
		884EEB082CC4004C00EE02BA /* Info.plist */ = {isa = PBXFileReference; lastKnownFileType = text.plist.xml; path = Info.plist; sourceTree = "<group>"; };
		884EEB0E2CC4047200EE02BA /* PersonCell.swift */ = {isa = PBXFileReference; lastKnownFileType = sourcecode.swift; path = PersonCell.swift; sourceTree = "<group>"; };
/* End PBXFileReference section */

/* Begin PBXFrameworksBuildPhase section */
		884EEAF42CC4004900EE02BA /* Frameworks */ = {
			isa = PBXFrameworksBuildPhase;
			buildActionMask = 2147483647;
			files = (
			);
			runOnlyForDeploymentPostprocessing = 0;
		};
/* End PBXFrameworksBuildPhase section */

/* Begin PBXGroup section */
		884EEAEE2CC4004900EE02BA = {
			isa = PBXGroup;
			children = (
				884EEAF92CC4004900EE02BA /* Project10 */,
				884EEAF82CC4004900EE02BA /* Products */,
			);
			sourceTree = "<group>";
		};
		884EEAF82CC4004900EE02BA /* Products */ = {
			isa = PBXGroup;
			children = (
				884EEAF72CC4004900EE02BA /* Project10.app */,
			);
			name = Products;
			sourceTree = "<group>";
		};
		884EEAF92CC4004900EE02BA /* Project10 */ = {
			isa = PBXGroup;
			children = (
				884EEAFA2CC4004900EE02BA /* AppDelegate.swift */,
				884EEAFC2CC4004900EE02BA /* SceneDelegate.swift */,
				884EEAFE2CC4004900EE02BA /* ViewController.swift */,
				884EEB002CC4004900EE02BA /* Main.storyboard */,
				884EEB0E2CC4047200EE02BA /* PersonCell.swift */,
				884EEB032CC4004C00EE02BA /* Assets.xcassets */,
				884EEB052CC4004C00EE02BA /* LaunchScreen.storyboard */,
				884EEB082CC4004C00EE02BA /* Info.plist */,
			);
			path = Project10;
			sourceTree = "<group>";
		};
/* End PBXGroup section */

/* Begin PBXNativeTarget section */
		884EEAF62CC4004900EE02BA /* Project10 */ = {
			isa = PBXNativeTarget;
			buildConfigurationList = 884EEB0B2CC4004C00EE02BA /* Build configuration list for PBXNativeTarget "Project10" */;
			buildPhases = (
				884EEAF32CC4004900EE02BA /* Sources */,
				884EEAF42CC4004900EE02BA /* Frameworks */,
				884EEAF52CC4004900EE02BA /* Resources */,
			);
			buildRules = (
			);
			dependencies = (
			);
			name = Project10;
			productName = Project10;
			productReference = 884EEAF72CC4004900EE02BA /* Project10.app */;
			productType = "com.apple.product-type.application";
		};
/* End PBXNativeTarget section */

/* Begin PBXProject section */
		884EEAEF2CC4004900EE02BA /* Project object */ = {
			isa = PBXProject;
			attributes = {
				BuildIndependentTargetsInParallel = 1;
				LastSwiftUpdateCheck = 1500;
				LastUpgradeCheck = 1500;
				TargetAttributes = {
					884EEAF62CC4004900EE02BA = {
						CreatedOnToolsVersion = 15.0.1;
					};
				};
			};
			buildConfigurationList = 884EEAF22CC4004900EE02BA /* Build configuration list for PBXProject "Project10" */;
			compatibilityVersion = "Xcode 14.0";
			developmentRegion = en;
			hasScannedForEncodings = 0;
			knownRegions = (
				en,
				Base,
			);
			mainGroup = 884EEAEE2CC4004900EE02BA;
			productRefGroup = 884EEAF82CC4004900EE02BA /* Products */;
			projectDirPath = "";
			projectRoot = "";
			targets = (
				884EEAF62CC4004900EE02BA /* Project10 */,
			);
		};
/* End PBXProject section */

/* Begin PBXResourcesBuildPhase section */
		884EEAF52CC4004900EE02BA /* Resources */ = {
			isa = PBXResourcesBuildPhase;
			buildActionMask = 2147483647;
			files = (
				884EEB072CC4004C00EE02BA /* LaunchScreen.storyboard in Resources */,
				884EEB042CC4004C00EE02BA /* Assets.xcassets in Resources */,
				884EEB022CC4004900EE02BA /* Main.storyboard in Resources */,
			);
			runOnlyForDeploymentPostprocessing = 0;
		};
/* End PBXResourcesBuildPhase section */

/* Begin PBXSourcesBuildPhase section */
		884EEAF32CC4004900EE02BA /* Sources */ = {
			isa = PBXSourcesBuildPhase;
			buildActionMask = 2147483647;
			files = (
				884EEAFF2CC4004900EE02BA /* ViewController.swift in Sources */,
				884EEAFB2CC4004900EE02BA /* AppDelegate.swift in Sources */,
				884EEB0F2CC4047200EE02BA /* PersonCell.swift in Sources */,
				884EEAFD2CC4004900EE02BA /* SceneDelegate.swift in Sources */,
			);
			runOnlyForDeploymentPostprocessing = 0;
		};
/* End PBXSourcesBuildPhase section */

/* Begin PBXVariantGroup section */
		884EEB002CC4004900EE02BA /* Main.storyboard */ = {
			isa = PBXVariantGroup;
			children = (
				884EEB012CC4004900EE02BA /* Base */,
			);
			name = Main.storyboard;
			sourceTree = "<group>";
		};
		884EEB052CC4004C00EE02BA /* LaunchScreen.storyboard */ = {
			isa = PBXVariantGroup;
			children = (
				884EEB062CC4004C00EE02BA /* Base */,
			);
			name = LaunchScreen.storyboard;
			sourceTree = "<group>";
		};
/* End PBXVariantGroup section */

/* Begin XCBuildConfiguration section */
		884EEB092CC4004C00EE02BA /* Debug */ = {
			isa = XCBuildConfiguration;
			buildSettings = {
				ALWAYS_SEARCH_USER_PATHS = NO;
				ASSETCATALOG_COMPILER_GENERATE_SWIFT_ASSET_SYMBOL_EXTENSIONS = YES;
				CLANG_ANALYZER_NONNULL = YES;
				CLANG_ANALYZER_NUMBER_OBJECT_CONVERSION = YES_AGGRESSIVE;
				CLANG_CXX_LANGUAGE_STANDARD = "gnu++20";
				CLANG_ENABLE_MODULES = YES;
				CLANG_ENABLE_OBJC_ARC = YES;
				CLANG_ENABLE_OBJC_WEAK = YES;
				CLANG_WARN_BLOCK_CAPTURE_AUTORELEASING = YES;
				CLANG_WARN_BOOL_CONVERSION = YES;
				CLANG_WARN_COMMA = YES;
				CLANG_WARN_CONSTANT_CONVERSION = YES;
				CLANG_WARN_DEPRECATED_OBJC_IMPLEMENTATIONS = YES;
				CLANG_WARN_DIRECT_OBJC_ISA_USAGE = YES_ERROR;
				CLANG_WARN_DOCUMENTATION_COMMENTS = YES;
				CLANG_WARN_EMPTY_BODY = YES;
				CLANG_WARN_ENUM_CONVERSION = YES;
				CLANG_WARN_INFINITE_RECURSION = YES;
				CLANG_WARN_INT_CONVERSION = YES;
				CLANG_WARN_NON_LITERAL_NULL_CONVERSION = YES;
				CLANG_WARN_OBJC_IMPLICIT_RETAIN_SELF = YES;
				CLANG_WARN_OBJC_LITERAL_CONVERSION = YES;
				CLANG_WARN_OBJC_ROOT_CLASS = YES_ERROR;
				CLANG_WARN_QUOTED_INCLUDE_IN_FRAMEWORK_HEADER = YES;
				CLANG_WARN_RANGE_LOOP_ANALYSIS = YES;
				CLANG_WARN_STRICT_PROTOTYPES = YES;
				CLANG_WARN_SUSPICIOUS_MOVE = YES;
				CLANG_WARN_UNGUARDED_AVAILABILITY = YES_AGGRESSIVE;
				CLANG_WARN_UNREACHABLE_CODE = YES;
				CLANG_WARN__DUPLICATE_METHOD_MATCH = YES;
				COPY_PHASE_STRIP = NO;
				DEBUG_INFORMATION_FORMAT = dwarf;
				ENABLE_STRICT_OBJC_MSGSEND = YES;
				ENABLE_TESTABILITY = YES;
				ENABLE_USER_SCRIPT_SANDBOXING = YES;
				GCC_C_LANGUAGE_STANDARD = gnu17;
				GCC_DYNAMIC_NO_PIC = NO;
				GCC_NO_COMMON_BLOCKS = YES;
				GCC_OPTIMIZATION_LEVEL = 0;
				GCC_PREPROCESSOR_DEFINITIONS = (
					"DEBUG=1",
					"$(inherited)",
				);
				GCC_WARN_64_TO_32_BIT_CONVERSION = YES;
				GCC_WARN_ABOUT_RETURN_TYPE = YES_ERROR;
				GCC_WARN_UNDECLARED_SELECTOR = YES;
				GCC_WARN_UNINITIALIZED_AUTOS = YES_AGGRESSIVE;
				GCC_WARN_UNUSED_FUNCTION = YES;
				GCC_WARN_UNUSED_VARIABLE = YES;
				IPHONEOS_DEPLOYMENT_TARGET = 17.0;
				LOCALIZATION_PREFERS_STRING_CATALOGS = YES;
				MTL_ENABLE_DEBUG_INFO = INCLUDE_SOURCE;
				MTL_FAST_MATH = YES;
				ONLY_ACTIVE_ARCH = YES;
				SDKROOT = iphoneos;
				SWIFT_ACTIVE_COMPILATION_CONDITIONS = "DEBUG $(inherited)";
				SWIFT_OPTIMIZATION_LEVEL = "-Onone";
			};
			name = Debug;
		};
		884EEB0A2CC4004C00EE02BA /* Release */ = {
			isa = XCBuildConfiguration;
			buildSettings = {
				ALWAYS_SEARCH_USER_PATHS = NO;
				ASSETCATALOG_COMPILER_GENERATE_SWIFT_ASSET_SYMBOL_EXTENSIONS = YES;
				CLANG_ANALYZER_NONNULL = YES;
				CLANG_ANALYZER_NUMBER_OBJECT_CONVERSION = YES_AGGRESSIVE;
				CLANG_CXX_LANGUAGE_STANDARD = "gnu++20";
				CLANG_ENABLE_MODULES = YES;
				CLANG_ENABLE_OBJC_ARC = YES;
				CLANG_ENABLE_OBJC_WEAK = YES;
				CLANG_WARN_BLOCK_CAPTURE_AUTORELEASING = YES;
				CLANG_WARN_BOOL_CONVERSION = YES;
				CLANG_WARN_COMMA = YES;
				CLANG_WARN_CONSTANT_CONVERSION = YES;
				CLANG_WARN_DEPRECATED_OBJC_IMPLEMENTATIONS = YES;
				CLANG_WARN_DIRECT_OBJC_ISA_USAGE = YES_ERROR;
				CLANG_WARN_DOCUMENTATION_COMMENTS = YES;
				CLANG_WARN_EMPTY_BODY = YES;
				CLANG_WARN_ENUM_CONVERSION = YES;
				CLANG_WARN_INFINITE_RECURSION = YES;
				CLANG_WARN_INT_CONVERSION = YES;
				CLANG_WARN_NON_LITERAL_NULL_CONVERSION = YES;
				CLANG_WARN_OBJC_IMPLICIT_RETAIN_SELF = YES;
				CLANG_WARN_OBJC_LITERAL_CONVERSION = YES;
				CLANG_WARN_OBJC_ROOT_CLASS = YES_ERROR;
				CLANG_WARN_QUOTED_INCLUDE_IN_FRAMEWORK_HEADER = YES;
				CLANG_WARN_RANGE_LOOP_ANALYSIS = YES;
				CLANG_WARN_STRICT_PROTOTYPES = YES;
				CLANG_WARN_SUSPICIOUS_MOVE = YES;
				CLANG_WARN_UNGUARDED_AVAILABILITY = YES_AGGRESSIVE;
				CLANG_WARN_UNREACHABLE_CODE = YES;
				CLANG_WARN__DUPLICATE_METHOD_MATCH = YES;
				COPY_PHASE_STRIP = NO;
				DEBUG_INFORMATION_FORMAT = "dwarf-with-dsym";
				ENABLE_NS_ASSERTIONS = NO;
				ENABLE_STRICT_OBJC_MSGSEND = YES;
				ENABLE_USER_SCRIPT_SANDBOXING = YES;
				GCC_C_LANGUAGE_STANDARD = gnu17;
				GCC_NO_COMMON_BLOCKS = YES;
				GCC_WARN_64_TO_32_BIT_CONVERSION = YES;
				GCC_WARN_ABOUT_RETURN_TYPE = YES_ERROR;
				GCC_WARN_UNDECLARED_SELECTOR = YES;
				GCC_WARN_UNINITIALIZED_AUTOS = YES_AGGRESSIVE;
				GCC_WARN_UNUSED_FUNCTION = YES;
				GCC_WARN_UNUSED_VARIABLE = YES;
				IPHONEOS_DEPLOYMENT_TARGET = 17.0;
				LOCALIZATION_PREFERS_STRING_CATALOGS = YES;
				MTL_ENABLE_DEBUG_INFO = NO;
				MTL_FAST_MATH = YES;
				SDKROOT = iphoneos;
				SWIFT_COMPILATION_MODE = wholemodule;
				VALIDATE_PRODUCT = YES;
			};
			name = Release;
		};
		884EEB0C2CC4004C00EE02BA /* Debug */ = {
			isa = XCBuildConfiguration;
			buildSettings = {
				ASSETCATALOG_COMPILER_APPICON_NAME = AppIcon;
				ASSETCATALOG_COMPILER_GLOBAL_ACCENT_COLOR_NAME = AccentColor;
				CODE_SIGN_STYLE = Automatic;
				CURRENT_PROJECT_VERSION = 1;
				DEVELOPMENT_TEAM = WVKQRSC4HB;
				GENERATE_INFOPLIST_FILE = YES;
				INFOPLIST_FILE = Project10/Info.plist;
				INFOPLIST_KEY_UIApplicationSupportsIndirectInputEvents = YES;
				INFOPLIST_KEY_UILaunchStoryboardName = LaunchScreen;
				INFOPLIST_KEY_UIMainStoryboardFile = Main;
				INFOPLIST_KEY_UISupportedInterfaceOrientations_iPad = "UIInterfaceOrientationPortrait UIInterfaceOrientationPortraitUpsideDown UIInterfaceOrientationLandscapeLeft UIInterfaceOrientationLandscapeRight";
				INFOPLIST_KEY_UISupportedInterfaceOrientations_iPhone = "UIInterfaceOrientationPortrait UIInterfaceOrientationLandscapeLeft UIInterfaceOrientationLandscapeRight";
				LD_RUNPATH_SEARCH_PATHS = (
					"$(inherited)",
					"@executable_path/Frameworks",
				);
				MARKETING_VERSION = 1.0;
				PRODUCT_BUNDLE_IDENTIFIER = com.alperencerkez.Project10;
				PRODUCT_NAME = "$(TARGET_NAME)";
				SWIFT_EMIT_LOC_STRINGS = YES;
				SWIFT_VERSION = 5.0;
				TARGETED_DEVICE_FAMILY = "1,2";
			};
			name = Debug;
		};
		884EEB0D2CC4004C00EE02BA /* Release */ = {
			isa = XCBuildConfiguration;
			buildSettings = {
				ASSETCATALOG_COMPILER_APPICON_NAME = AppIcon;
				ASSETCATALOG_COMPILER_GLOBAL_ACCENT_COLOR_NAME = AccentColor;
				CODE_SIGN_STYLE = Automatic;
				CURRENT_PROJECT_VERSION = 1;
				DEVELOPMENT_TEAM = WVKQRSC4HB;
				GENERATE_INFOPLIST_FILE = YES;
				INFOPLIST_FILE = Project10/Info.plist;
				INFOPLIST_KEY_UIApplicationSupportsIndirectInputEvents = YES;
				INFOPLIST_KEY_UILaunchStoryboardName = LaunchScreen;
				INFOPLIST_KEY_UIMainStoryboardFile = Main;
				INFOPLIST_KEY_UISupportedInterfaceOrientations_iPad = "UIInterfaceOrientationPortrait UIInterfaceOrientationPortraitUpsideDown UIInterfaceOrientationLandscapeLeft UIInterfaceOrientationLandscapeRight";
				INFOPLIST_KEY_UISupportedInterfaceOrientations_iPhone = "UIInterfaceOrientationPortrait UIInterfaceOrientationLandscapeLeft UIInterfaceOrientationLandscapeRight";
				LD_RUNPATH_SEARCH_PATHS = (
					"$(inherited)",
					"@executable_path/Frameworks",
				);
				MARKETING_VERSION = 1.0;
				PRODUCT_BUNDLE_IDENTIFIER = com.alperencerkez.Project10;
				PRODUCT_NAME = "$(TARGET_NAME)";
				SWIFT_EMIT_LOC_STRINGS = YES;
				SWIFT_VERSION = 5.0;
				TARGETED_DEVICE_FAMILY = "1,2";
			};
			name = Release;
		};
/* End XCBuildConfiguration section */

/* Begin XCConfigurationList section */
		884EEAF22CC4004900EE02BA /* Build configuration list for PBXProject "Project10" */ = {
			isa = XCConfigurationList;
			buildConfigurations = (
				884EEB092CC4004C00EE02BA /* Debug */,
				884EEB0A2CC4004C00EE02BA /* Release */,
			);
			defaultConfigurationIsVisible = 0;
			defaultConfigurationName = Release;
		};
		884EEB0B2CC4004C00EE02BA /* Build configuration list for PBXNativeTarget "Project10" */ = {
			isa = XCConfigurationList;
			buildConfigurations = (
				884EEB0C2CC4004C00EE02BA /* Debug */,
				884EEB0D2CC4004C00EE02BA /* Release */,
			);
			defaultConfigurationIsVisible = 0;
			defaultConfigurationName = Release;
		};
/* End XCConfigurationList section */
	};
	rootObject = 884EEAEF2CC4004900EE02BA /* Project object */;
}
